
Microsoft Visual Studio Solution File, Format Version 12.00
# Visual Studio Version 16
VisualStudioVersion = 16.0.30907.101
MinimumVisualStudioVersion = 10.0.40219.1
Project("{FAE04EC0-301F-11D3-BF4B-00C04F79EFBC}") = "WSTWeb.API", "WSTWeb.API\WSTWeb.API.csproj", "{AEE91ACE-DA19-4674-BBFF-4EC31A1C1D97}"
EndProject
Project("{FAE04EC0-301F-11D3-BF4B-00C04F79EFBC}") = "WST.DAL", "WST.DAL\WST.DAL.csproj", "{7A1C7226-1B18-48C5-8681-27AB335D5F1C}"
EndProject
Project("{FAE04EC0-301F-11D3-BF4B-00C04F79EFBC}") = "WST.Model", "WST.Model\WST.Model.csproj", "{A39E9248-E5FC-4CAD-ABCE-68C6288E02B8}"
EndProject
Global
	GlobalSection(SolutionConfigurationPlatforms) = preSolution
		Debug|Any CPU = Debug|Any CPU
		Release|Any CPU = Release|Any CPU
	EndGlobalSection
	GlobalSection(ProjectConfigurationPlatforms) = postSolution
		{AEE91ACE-DA19-4674-BBFF-4EC31A1C1D97}.Debug|Any CPU.ActiveCfg = Debug|Any CPU
		{AEE91ACE-DA19-4674-BBFF-4EC31A1C1D97}.Debug|Any CPU.Build.0 = Debug|Any CPU
		{AEE91ACE-DA19-4674-BBFF-4EC31A1C1D97}.Release|Any CPU.ActiveCfg = Release|Any CPU
		{AEE91ACE-DA19-4674-BBFF-4EC31A1C1D97}.Release|Any CPU.Build.0 = Release|Any CPU
		{7A1C7226-1B18-48C5-8681-27AB335D5F1C}.Debug|Any CPU.ActiveCfg = Debug|Any CPU
		{7A1C7226-1B18-48C5-8681-27AB335D5F1C}.Debug|Any CPU.Build.0 = Debug|Any CPU
		{7A1C7226-1B18-48C5-8681-27AB335D5F1C}.Release|Any CPU.ActiveCfg = Release|Any CPU
		{7A1C7226-1B18-48C5-8681-27AB335D5F1C}.Release|Any CPU.Build.0 = Release|Any CPU
		{A39E9248-E5FC-4CAD-ABCE-68C6288E02B8}.Debug|Any CPU.ActiveCfg = Debug|Any CPU
		{A39E9248-E5FC-4CAD-ABCE-68C6288E02B8}.Debug|Any CPU.Build.0 = Debug|Any CPU
		{A39E9248-E5FC-4CAD-ABCE-68C6288E02B8}.Release|Any CPU.ActiveCfg = Release|Any CPU
		{A39E9248-E5FC-4CAD-ABCE-68C6288E02B8}.Release|Any CPU.Build.0 = Release|Any CPU
	EndGlobalSection
	GlobalSection(SolutionProperties) = preSolution
		HideSolutionNode = FALSE
	EndGlobalSection
	GlobalSection(ExtensibilityGlobals) = postSolution
		SolutionGuid = {6B13424A-353C-4732-9730-C37E431B6FCC}
	EndGlobalSection
EndGlobal
